// !$*UTF8*$!
{
	archiveVersion = 1;
	classes = {
	};
	objectVersion = 55;
	objects = {

/* Begin PBXBuildFile section */
		585D1648288302C200473C77 /* AppDelegate.swift in Sources */ = {isa = PBXBuildFile; fileRef = 585D1647288302C200473C77 /* AppDelegate.swift */; };
		585D164A288302C200473C77 /* SceneDelegate.swift in Sources */ = {isa = PBXBuildFile; fileRef = 585D1649288302C200473C77 /* SceneDelegate.swift */; };
		585D164C288302C200473C77 /* MapsViewController.swift in Sources */ = {isa = PBXBuildFile; fileRef = 585D164B288302C200473C77 /* MapsViewController.swift */; };
		585D164F288302C200473C77 /* Main.storyboard in Resources */ = {isa = PBXBuildFile; fileRef = 585D164D288302C200473C77 /* Main.storyboard */; };
		585D1652288302C200473C77 /* HaritalarUygulamasi.xcdatamodeld in Sources */ = {isa = PBXBuildFile; fileRef = 585D1650288302C200473C77 /* HaritalarUygulamasi.xcdatamodeld */; };
		585D1654288302C500473C77 /* Assets.xcassets in Resources */ = {isa = PBXBuildFile; fileRef = 585D1653288302C500473C77 /* Assets.xcassets */; };
		585D1657288302C500473C77 /* LaunchScreen.storyboard in Resources */ = {isa = PBXBuildFile; fileRef = 585D1655288302C500473C77 /* LaunchScreen.storyboard */; };
		585D1662288302C500473C77 /* HaritalarUygulamasiTests.swift in Sources */ = {isa = PBXBuildFile; fileRef = 585D1661288302C500473C77 /* HaritalarUygulamasiTests.swift */; };
		585D166C288302C500473C77 /* HaritalarUygulamasiUITests.swift in Sources */ = {isa = PBXBuildFile; fileRef = 585D166B288302C500473C77 /* HaritalarUygulamasiUITests.swift */; };
		585D166E288302C500473C77 /* HaritalarUygulamasiUITestsLaunchTests.swift in Sources */ = {isa = PBXBuildFile; fileRef = 585D166D288302C500473C77 /* HaritalarUygulamasiUITestsLaunchTests.swift */; };
		589C52AA2889719800E888E7 /* ListViewController.swift in Sources */ = {isa = PBXBuildFile; fileRef = 589C52A92889719800E888E7 /* ListViewController.swift */; };
/* End PBXBuildFile section */

/* Begin PBXContainerItemProxy section */
		585D165E288302C500473C77 /* PBXContainerItemProxy */ = {
			isa = PBXContainerItemProxy;
			containerPortal = 585D163C288302C200473C77 /* Project object */;
			proxyType = 1;
			remoteGlobalIDString = 585D1643288302C200473C77;
			remoteInfo = HaritalarUygulamasi;
		};
		585D1668288302C500473C77 /* PBXContainerItemProxy */ = {
			isa = PBXContainerItemProxy;
			containerPortal = 585D163C288302C200473C77 /* Project object */;
			proxyType = 1;
			remoteGlobalIDString = 585D1643288302C200473C77;
			remoteInfo = HaritalarUygulamasi;
		};
/* End PBXContainerItemProxy section */

/* Begin PBXFileReference section */
		585D1644288302C200473C77 /* HaritalarUygulamasi.app */ = {isa = PBXFileReference; explicitFileType = wrapper.application; includeInIndex = 0; path = HaritalarUygulamasi.app; sourceTree = BUILT_PRODUCTS_DIR; };
		585D1647288302C200473C77 /* AppDelegate.swift */ = {isa = PBXFileReference; lastKnownFileType = sourcecode.swift; path = AppDelegate.swift; sourceTree = "<group>"; };
		585D1649288302C200473C77 /* SceneDelegate.swift */ = {isa = PBXFileReference; lastKnownFileType = sourcecode.swift; path = SceneDelegate.swift; sourceTree = "<group>"; };
		585D164B288302C200473C77 /* MapsViewController.swift */ = {isa = PBXFileReference; lastKnownFileType = sourcecode.swift; path = MapsViewController.swift; sourceTree = "<group>"; };
		585D164E288302C200473C77 /* Base */ = {isa = PBXFileReference; lastKnownFileType = file.storyboard; name = Base; path = Base.lproj/Main.storyboard; sourceTree = "<group>"; };
		585D1651288302C200473C77 /* HaritalarUygulamasi.xcdatamodel */ = {isa = PBXFileReference; lastKnownFileType = wrapper.xcdatamodel; path = HaritalarUygulamasi.xcdatamodel; sourceTree = "<group>"; };
		585D1653288302C500473C77 /* Assets.xcassets */ = {isa = PBXFileReference; lastKnownFileType = folder.assetcatalog; path = Assets.xcassets; sourceTree = "<group>"; };
		585D1656288302C500473C77 /* Base */ = {isa = PBXFileReference; lastKnownFileType = file.storyboard; name = Base; path = Base.lproj/LaunchScreen.storyboard; sourceTree = "<group>"; };
		585D1658288302C500473C77 /* Info.plist */ = {isa = PBXFileReference; lastKnownFileType = text.plist.xml; path = Info.plist; sourceTree = "<group>"; };
		585D165D288302C500473C77 /* HaritalarUygulamasiTests.xctest */ = {isa = PBXFileReference; explicitFileType = wrapper.cfbundle; includeInIndex = 0; path = HaritalarUygulamasiTests.xctest; sourceTree = BUILT_PRODUCTS_DIR; };
		585D1661288302C500473C77 /* HaritalarUygulamasiTests.swift */ = {isa = PBXFileReference; lastKnownFileType = sourcecode.swift; path = HaritalarUygulamasiTests.swift; sourceTree = "<group>"; };
		585D1667288302C500473C77 /* HaritalarUygulamasiUITests.xctest */ = {isa = PBXFileReference; explicitFileType = wrapper.cfbundle; includeInIndex = 0; path = HaritalarUygulamasiUITests.xctest; sourceTree = BUILT_PRODUCTS_DIR; };
		585D166B288302C500473C77 /* HaritalarUygulamasiUITests.swift */ = {isa = PBXFileReference; lastKnownFileType = sourcecode.swift; path = HaritalarUygulamasiUITests.swift; sourceTree = "<group>"; };
		585D166D288302C500473C77 /* HaritalarUygulamasiUITestsLaunchTests.swift */ = {isa = PBXFileReference; lastKnownFileType = sourcecode.swift; path = HaritalarUygulamasiUITestsLaunchTests.swift; sourceTree = "<group>"; };
		589C52A92889719800E888E7 /* ListViewController.swift */ = {isa = PBXFileReference; lastKnownFileType = sourcecode.swift; path = ListViewController.swift; sourceTree = "<group>"; };
/* End PBXFileReference section */

/* Begin PBXFrameworksBuildPhase section */
		585D1641288302C200473C77 /* Frameworks */ = {
			isa = PBXFrameworksBuildPhase;
			buildActionMask = 2147483647;
			files = (
			);
			runOnlyForDeploymentPostprocessing = 0;
		};
		585D165A288302C500473C77 /* Frameworks */ = {
			isa = PBXFrameworksBuildPhase;
			buildActionMask = 2147483647;
			files = (
			);
			runOnlyForDeploymentPostprocessing = 0;
		};
		585D1664288302C500473C77 /* Frameworks */ = {
			isa = PBXFrameworksBuildPhase;
			buildActionMask = 2147483647;
			files = (
			);
			runOnlyForDeploymentPostprocessing = 0;
		};
/* End PBXFrameworksBuildPhase section */

/* Begin PBXGroup section */
		585D163B288302C200473C77 = {
			isa = PBXGroup;
			children = (
				585D1646288302C200473C77 /* HaritalarUygulamasi */,
				585D1660288302C500473C77 /* HaritalarUygulamasiTests */,
				585D166A288302C500473C77 /* HaritalarUygulamasiUITests */,
				585D1645288302C200473C77 /* Products */,
			);
			sourceTree = "<group>";
		};
		585D1645288302C200473C77 /* Products */ = {
			isa = PBXGroup;
			children = (
				585D1644288302C200473C77 /* HaritalarUygulamasi.app */,
				585D165D288302C500473C77 /* HaritalarUygulamasiTests.xctest */,
				585D1667288302C500473C77 /* HaritalarUygulamasiUITests.xctest */,
			);
			name = Products;
			sourceTree = "<group>";
		};
		585D1646288302C200473C77 /* HaritalarUygulamasi */ = {
			isa = PBXGroup;
			children = (
				585D1647288302C200473C77 /* AppDelegate.swift */,
				585D1649288302C200473C77 /* SceneDelegate.swift */,
				585D164B288302C200473C77 /* MapsViewController.swift */,
				589C52A92889719800E888E7 /* ListViewController.swift */,
				585D164D288302C200473C77 /* Main.storyboard */,
				585D1653288302C500473C77 /* Assets.xcassets */,
				585D1655288302C500473C77 /* LaunchScreen.storyboard */,
				585D1658288302C500473C77 /* Info.plist */,
				585D1650288302C200473C77 /* HaritalarUygulamasi.xcdatamodeld */,
			);
			path = HaritalarUygulamasi;
			sourceTree = "<group>";
		};
		585D1660288302C500473C77 /* HaritalarUygulamasiTests */ = {
			isa = PBXGroup;
			children = (
				585D1661288302C500473C77 /* HaritalarUygulamasiTests.swift */,
			);
			path = HaritalarUygulamasiTests;
			sourceTree = "<group>";
		};
		585D166A288302C500473C77 /* HaritalarUygulamasiUITests */ = {
			isa = PBXGroup;
			children = (
				585D166B288302C500473C77 /* HaritalarUygulamasiUITests.swift */,
				585D166D288302C500473C77 /* HaritalarUygulamasiUITestsLaunchTests.swift */,
			);
			path = HaritalarUygulamasiUITests;
			sourceTree = "<group>";
		};
/* End PBXGroup section */

/* Begin PBXNativeTarget section */
		585D1643288302C200473C77 /* HaritalarUygulamasi */ = {
			isa = PBXNativeTarget;
			buildConfigurationList = 585D1671288302C500473C77 /* Build configuration list for PBXNativeTarget "HaritalarUygulamasi" */;
			buildPhases = (
				585D1640288302C200473C77 /* Sources */,
				585D1641288302C200473C77 /* Frameworks */,
				585D1642288302C200473C77 /* Resources */,
			);
			buildRules = (
			);
			dependencies = (
			);
			name = HaritalarUygulamasi;
			productName = HaritalarUygulamasi;
			productReference = 585D1644288302C200473C77 /* HaritalarUygulamasi.app */;
			productType = "com.apple.product-type.application";
		};
		585D165C288302C500473C77 /* HaritalarUygulamasiTests */ = {
			isa = PBXNativeTarget;
			buildConfigurationList = 585D1674288302C500473C77 /* Build configuration list for PBXNativeTarget "HaritalarUygulamasiTests" */;
			buildPhases = (
				585D1659288302C500473C77 /* Sources */,
				585D165A288302C500473C77 /* Frameworks */,
				585D165B288302C500473C77 /* Resources */,
			);
			buildRules = (
			);
			dependencies = (
				585D165F288302C500473C77 /* PBXTargetDependency */,
			);
			name = HaritalarUygulamasiTests;
			productName = HaritalarUygulamasiTests;
			productReference = 585D165D288302C500473C77 /* HaritalarUygulamasiTests.xctest */;
			productType = "com.apple.product-type.bundle.unit-test";
		};
		585D1666288302C500473C77 /* HaritalarUygulamasiUITests */ = {
			isa = PBXNativeTarget;
			buildConfigurationList = 585D1677288302C500473C77 /* Build configuration list for PBXNativeTarget "HaritalarUygulamasiUITests" */;
			buildPhases = (
				585D1663288302C500473C77 /* Sources */,
				585D1664288302C500473C77 /* Frameworks */,
				585D1665288302C500473C77 /* Resources */,
			);
			buildRules = (
			);
			dependencies = (
				585D1669288302C500473C77 /* PBXTargetDependency */,
			);
			name = HaritalarUygulamasiUITests;
			productName = HaritalarUygulamasiUITests;
			productReference = 585D1667288302C500473C77 /* HaritalarUygulamasiUITests.xctest */;
			productType = "com.apple.product-type.bundle.ui-testing";
		};
/* End PBXNativeTarget section */

/* Begin PBXProject section */
		585D163C288302C200473C77 /* Project object */ = {
			isa = PBXProject;
			attributes = {
				BuildIndependentTargetsInParallel = 1;
				LastSwiftUpdateCheck = 1340;
				LastUpgradeCheck = 1340;
				TargetAttributes = {
					585D1643288302C200473C77 = {
						CreatedOnToolsVersion = 13.4.1;
					};
					585D165C288302C500473C77 = {
						CreatedOnToolsVersion = 13.4.1;
						TestTargetID = 585D1643288302C200473C77;
					};
					585D1666288302C500473C77 = {
						CreatedOnToolsVersion = 13.4.1;
						TestTargetID = 585D1643288302C200473C77;
					};
				};
			};
			buildConfigurationList = 585D163F288302C200473C77 /* Build configuration list for PBXProject "HaritalarUygulamasi" */;
			compatibilityVersion = "Xcode 13.0";
			developmentRegion = en;
			hasScannedForEncodings = 0;
			knownRegions = (
				en,
				Base,
			);
			mainGroup = 585D163B288302C200473C77;
			productRefGroup = 585D1645288302C200473C77 /* Products */;
			projectDirPath = "";
			projectRoot = "";
			targets = (
				585D1643288302C200473C77 /* HaritalarUygulamasi */,
				585D165C288302C500473C77 /* HaritalarUygulamasiTests */,
				585D1666288302C500473C77 /* HaritalarUygulamasiUITests */,
			);
		};
/* End PBXProject section */

/* Begin PBXResourcesBuildPhase section */
		585D1642288302C200473C77 /* Resources */ = {
			isa = PBXResourcesBuildPhase;
			buildActionMask = 2147483647;
			files = (
				585D1657288302C500473C77 /* LaunchScreen.storyboard in Resources */,
				585D1654288302C500473C77 /* Assets.xcassets in Resources */,
				585D164F288302C200473C77 /* Main.storyboard in Resources */,
			);
			runOnlyForDeploymentPostprocessing = 0;
		};
		585D165B288302C500473C77 /* Resources */ = {
			isa = PBXResourcesBuildPhase;
			buildActionMask = 2147483647;
			files = (
			);
			runOnlyForDeploymentPostprocessing = 0;
		};
		585D1665288302C500473C77 /* Resources */ = {
			isa = PBXResourcesBuildPhase;
			buildActionMask = 2147483647;
			files = (
			);
			runOnlyForDeploymentPostprocessing = 0;
		};
/* End PBXResourcesBuildPhase section */

/* Begin PBXSourcesBuildPhase section */
		585D1640288302C200473C77 /* Sources */ = {
			isa = PBXSourcesBuildPhase;
			buildActionMask = 2147483647;
			files = (
				585D164C288302C200473C77 /* MapsViewController.swift in Sources */,
				585D1648288302C200473C77 /* AppDelegate.swift in Sources */,
				585D1652288302C200473C77 /* HaritalarUygulamasi.xcdatamodeld in Sources */,
				589C52AA2889719800E888E7 /* ListViewController.swift in Sources */,
				585D164A288302C200473C77 /* SceneDelegate.swift in Sources */,
			);
			runOnlyForDeploymentPostprocessing = 0;
		};
		585D1659288302C500473C77 /* Sources */ = {
			isa = PBXSourcesBuildPhase;
			buildActionMask = 2147483647;
			files = (
				585D1662288302C500473C77 /* HaritalarUygulamasiTests.swift in Sources */,
			);
			runOnlyForDeploymentPostprocessing = 0;
		};
		585D1663288302C500473C77 /* Sources */ = {
			isa = PBXSourcesBuildPhase;
			buildActionMask = 2147483647;
			files = (
				585D166E288302C500473C77 /* HaritalarUygulamasiUITestsLaunchTests.swift in Sources */,
				585D166C288302C500473C77 /* HaritalarUygulamasiUITests.swift in Sources */,
			);
			runOnlyForDeploymentPostprocessing = 0;
		};
/* End PBXSourcesBuildPhase section */

/* Begin PBXTargetDependency section */
		585D165F288302C500473C77 /* PBXTargetDependency */ = {
			isa = PBXTargetDependency;
			target = 585D1643288302C200473C77 /* HaritalarUygulamasi */;
			targetProxy = 585D165E288302C500473C77 /* PBXContainerItemProxy */;
		};
		585D1669288302C500473C77 /* PBXTargetDependency */ = {
			isa = PBXTargetDependency;
			target = 585D1643288302C200473C77 /* HaritalarUygulamasi */;
			targetProxy = 585D1668288302C500473C77 /* PBXContainerItemProxy */;
		};
/* End PBXTargetDependency section */

/* Begin PBXVariantGroup section */
		585D164D288302C200473C77 /* Main.storyboard */ = {
			isa = PBXVariantGroup;
			children = (
				585D164E288302C200473C77 /* Base */,
			);
			name = Main.storyboard;
			sourceTree = "<group>";
		};
		585D1655288302C500473C77 /* LaunchScreen.storyboard */ = {
			isa = PBXVariantGroup;
			children = (
				585D1656288302C500473C77 /* Base */,
			);
			name = LaunchScreen.storyboard;
			sourceTree = "<group>";
		};
/* End PBXVariantGroup section */

/* Begin XCBuildConfiguration section */
		585D166F288302C500473C77 /* Debug */ = {
			isa = XCBuildConfiguration;
			buildSettings = {
				ALWAYS_SEARCH_USER_PATHS = NO;
				CLANG_ANALYZER_NONNULL = YES;
				CLANG_ANALYZER_NUMBER_OBJECT_CONVERSION = YES_AGGRESSIVE;
				CLANG_CXX_LANGUAGE_STANDARD = "gnu++17";
				CLANG_ENABLE_MODULES = YES;
				CLANG_ENABLE_OBJC_ARC = YES;
				CLANG_ENABLE_OBJC_WEAK = YES;
				CLANG_WARN_BLOCK_CAPTURE_AUTORELEASING = YES;
				CLANG_WARN_BOOL_CONVERSION = YES;
				CLANG_WARN_COMMA = YES;
				CLANG_WARN_CONSTANT_CONVERSION = YES;
				CLANG_WARN_DEPRECATED_OBJC_IMPLEMENTATIONS = YES;
				CLANG_WARN_DIRECT_OBJC_ISA_USAGE = YES_ERROR;
				CLANG_WARN_DOCUMENTATION_COMMENTS = YES;
				CLANG_WARN_EMPTY_BODY = YES;
				CLANG_WARN_ENUM_CONVERSION = YES;
				CLANG_WARN_INFINITE_RECURSION = YES;
				CLANG_WARN_INT_CONVERSION = YES;
				CLANG_WARN_NON_LITERAL_NULL_CONVERSION = YES;
				CLANG_WARN_OBJC_IMPLICIT_RETAIN_SELF = YES;
				CLANG_WARN_OBJC_LITERAL_CONVERSION = YES;
				CLANG_WARN_OBJC_ROOT_CLASS = YES_ERROR;
				CLANG_WARN_QUOTED_INCLUDE_IN_FRAMEWORK_HEADER = YES;
				CLANG_WARN_RANGE_LOOP_ANALYSIS = YES;
				CLANG_WARN_STRICT_PROTOTYPES = YES;
				CLANG_WARN_SUSPICIOUS_MOVE = YES;
				CLANG_WARN_UNGUARDED_AVAILABILITY = YES_AGGRESSIVE;
				CLANG_WARN_UNREACHABLE_CODE = YES;
				CLANG_WARN__DUPLICATE_METHOD_MATCH = YES;
				COPY_PHASE_STRIP = NO;
				DEBUG_INFORMATION_FORMAT = dwarf;
				ENABLE_STRICT_OBJC_MSGSEND = YES;
				ENABLE_TESTABILITY = YES;
				GCC_C_LANGUAGE_STANDARD = gnu11;
				GCC_DYNAMIC_NO_PIC = NO;
				GCC_NO_COMMON_BLOCKS = YES;
				GCC_OPTIMIZATION_LEVEL = 0;
				GCC_PREPROCESSOR_DEFINITIONS = (
					"DEBUG=1",
					"$(inherited)",
				);
				GCC_WARN_64_TO_32_BIT_CONVERSION = YES;
				GCC_WARN_ABOUT_RETURN_TYPE = YES_ERROR;
				GCC_WARN_UNDECLARED_SELECTOR = YES;
				GCC_WARN_UNINITIALIZED_AUTOS = YES_AGGRESSIVE;
				GCC_WARN_UNUSED_FUNCTION = YES;
				GCC_WARN_UNUSED_VARIABLE = YES;
				IPHONEOS_DEPLOYMENT_TARGET = 15.5;
				MTL_ENABLE_DEBUG_INFO = INCLUDE_SOURCE;
				MTL_FAST_MATH = YES;
				ONLY_ACTIVE_ARCH = YES;
				SDKROOT = iphoneos;
				SWIFT_ACTIVE_COMPILATION_CONDITIONS = DEBUG;
				SWIFT_OPTIMIZATION_LEVEL = "-Onone";
			};
			name = Debug;
		};
		585D1670288302C500473C77 /* Release */ = {
			isa = XCBuildConfiguration;
			buildSettings = {
				ALWAYS_SEARCH_USER_PATHS = NO;
				CLANG_ANALYZER_NONNULL = YES;
				CLANG_ANALYZER_NUMBER_OBJECT_CONVERSION = YES_AGGRESSIVE;
				CLANG_CXX_LANGUAGE_STANDARD = "gnu++17";
				CLANG_ENABLE_MODULES = YES;
				CLANG_ENABLE_OBJC_ARC = YES;
				CLANG_ENABLE_OBJC_WEAK = YES;
				CLANG_WARN_BLOCK_CAPTURE_AUTORELEASING = YES;
				CLANG_WARN_BOOL_CONVERSION = YES;
				CLANG_WARN_COMMA = YES;
				CLANG_WARN_CONSTANT_CONVERSION = YES;
				CLANG_WARN_DEPRECATED_OBJC_IMPLEMENTATIONS = YES;
				CLANG_WARN_DIRECT_OBJC_ISA_USAGE = YES_ERROR;
				CLANG_WARN_DOCUMENTATION_COMMENTS = YES;
				CLANG_WARN_EMPTY_BODY = YES;
				CLANG_WARN_ENUM_CONVERSION = YES;
				CLANG_WARN_INFINITE_RECURSION = YES;
				CLANG_WARN_INT_CONVERSION = YES;
				CLANG_WARN_NON_LITERAL_NULL_CONVERSION = YES;
				CLANG_WARN_OBJC_IMPLICIT_RETAIN_SELF = YES;
				CLANG_WARN_OBJC_LITERAL_CONVERSION = YES;
				CLANG_WARN_OBJC_ROOT_CLASS = YES_ERROR;
				CLANG_WARN_QUOTED_INCLUDE_IN_FRAMEWORK_HEADER = YES;
				CLANG_WARN_RANGE_LOOP_ANALYSIS = YES;
				CLANG_WARN_STRICT_PROTOTYPES = YES;
				CLANG_WARN_SUSPICIOUS_MOVE = YES;
				CLANG_WARN_UNGUARDED_AVAILABILITY = YES_AGGRESSIVE;
				CLANG_WARN_UNREACHABLE_CODE = YES;
				CLANG_WARN__DUPLICATE_METHOD_MATCH = YES;
				COPY_PHASE_STRIP = NO;
				DEBUG_INFORMATION_FORMAT = "dwarf-with-dsym";
				ENABLE_NS_ASSERTIONS = NO;
				ENABLE_STRICT_OBJC_MSGSEND = YES;
				GCC_C_LANGUAGE_STANDARD = gnu11;
				GCC_NO_COMMON_BLOCKS = YES;
				GCC_WARN_64_TO_32_BIT_CONVERSION = YES;
				GCC_WARN_ABOUT_RETURN_TYPE = YES_ERROR;
				GCC_WARN_UNDECLARED_SELECTOR = YES;
				GCC_WARN_UNINITIALIZED_AUTOS = YES_AGGRESSIVE;
				GCC_WARN_UNUSED_FUNCTION = YES;
				GCC_WARN_UNUSED_VARIABLE = YES;
				IPHONEOS_DEPLOYMENT_TARGET = 15.5;
				MTL_ENABLE_DEBUG_INFO = NO;
				MTL_FAST_MATH = YES;
				SDKROOT = iphoneos;
				SWIFT_COMPILATION_MODE = wholemodule;
				SWIFT_OPTIMIZATION_LEVEL = "-O";
				VALIDATE_PRODUCT = YES;
			};
			name = Release;
		};
		585D1672288302C500473C77 /* Debug */ = {
			isa = XCBuildConfiguration;
			buildSettings = {
				ASSETCATALOG_COMPILER_APPICON_NAME = AppIcon;
				ASSETCATALOG_COMPILER_GLOBAL_ACCENT_COLOR_NAME = AccentColor;
				CODE_SIGN_STYLE = Automatic;
				CURRENT_PROJECT_VERSION = 1;
				GENERATE_INFOPLIST_FILE = YES;
				INFOPLIST_FILE = HaritalarUygulamasi/Info.plist;
				INFOPLIST_KEY_UIApplicationSupportsIndirectInputEvents = YES;
				INFOPLIST_KEY_UILaunchStoryboardName = LaunchScreen;
				INFOPLIST_KEY_UIMainStoryboardFile = Main;
				INFOPLIST_KEY_UISupportedInterfaceOrientations_iPad = "UIInterfaceOrientationPortrait UIInterfaceOrientationPortraitUpsideDown UIInterfaceOrientationLandscapeLeft UIInterfaceOrientationLandscapeRight";
				INFOPLIST_KEY_UISupportedInterfaceOrientations_iPhone = "UIInterfaceOrientationPortrait UIInterfaceOrientationLandscapeLeft UIInterfaceOrientationLandscapeRight";
				LD_RUNPATH_SEARCH_PATHS = (
					"$(inherited)",
					"@executable_path/Frameworks",
				);
				MARKETING_VERSION = 1.0;
				PRODUCT_BUNDLE_IDENTIFIER = com.ertugrulberber.HaritalarUygulamasi;
				PRODUCT_NAME = "$(TARGET_NAME)";
				SWIFT_EMIT_LOC_STRINGS = YES;
				SWIFT_VERSION = 5.0;
				TARGETED_DEVICE_FAMILY = "1,2";
			};
			name = Debug;
		};
		585D1673288302C500473C77 /* Release */ = {
			isa = XCBuildConfiguration;
			buildSettings = {
				ASSETCATALOG_COMPILER_APPICON_NAME = AppIcon;
				ASSETCATALOG_COMPILER_GLOBAL_ACCENT_COLOR_NAME = AccentColor;
				CODE_SIGN_STYLE = Automatic;
				CURRENT_PROJECT_VERSION = 1;
				GENERATE_INFOPLIST_FILE = YES;
				INFOPLIST_FILE = HaritalarUygulamasi/Info.plist;
				INFOPLIST_KEY_UIApplicationSupportsIndirectInputEvents = YES;
				INFOPLIST_KEY_UILaunchStoryboardName = LaunchScreen;
				INFOPLIST_KEY_UIMainStoryboardFile = Main;
				INFOPLIST_KEY_UISupportedInterfaceOrientations_iPad = "UIInterfaceOrientationPortrait UIInterfaceOrientationPortraitUpsideDown UIInterfaceOrientationLandscapeLeft UIInterfaceOrientationLandscapeRight";
				INFOPLIST_KEY_UISupportedInterfaceOrientations_iPhone = "UIInterfaceOrientationPortrait UIInterfaceOrientationLandscapeLeft UIInterfaceOrientationLandscapeRight";
				LD_RUNPATH_SEARCH_PATHS = (
					"$(inherited)",
					"@executable_path/Frameworks",
				);
				MARKETING_VERSION = 1.0;
				PRODUCT_BUNDLE_IDENTIFIER = com.ertugrulberber.HaritalarUygulamasi;
				PRODUCT_NAME = "$(TARGET_NAME)";
				SWIFT_EMIT_LOC_STRINGS = YES;
				SWIFT_VERSION = 5.0;
				TARGETED_DEVICE_FAMILY = "1,2";
			};
			name = Release;
		};
		585D1675288302C500473C77 /* Debug */ = {
			isa = XCBuildConfiguration;
			buildSettings = {
				ALWAYS_EMBED_SWIFT_STANDARD_LIBRARIES = YES;
				BUNDLE_LOADER = "$(TEST_HOST)";
				CODE_SIGN_STYLE = Automatic;
				CURRENT_PROJECT_VERSION = 1;
				GENERATE_INFOPLIST_FILE = YES;
				IPHONEOS_DEPLOYMENT_TARGET = 15.5;
				MARKETING_VERSION = 1.0;
				PRODUCT_BUNDLE_IDENTIFIER = com.ertugrulberber.HaritalarUygulamasiTests;
				PRODUCT_NAME = "$(TARGET_NAME)";
				SWIFT_EMIT_LOC_STRINGS = NO;
				SWIFT_VERSION = 5.0;
				TARGETED_DEVICE_FAMILY = "1,2";
				TEST_HOST = "$(BUILT_PRODUCTS_DIR)/HaritalarUygulamasi.app/HaritalarUygulamasi";
			};
			name = Debug;
		};
		585D1676288302C500473C77 /* Release */ = {
			isa = XCBuildConfiguration;
			buildSettings = {
				ALWAYS_EMBED_SWIFT_STANDARD_LIBRARIES = YES;
				BUNDLE_LOADER = "$(TEST_HOST)";
				CODE_SIGN_STYLE = Automatic;
				CURRENT_PROJECT_VERSION = 1;
				GENERATE_INFOPLIST_FILE = YES;
				IPHONEOS_DEPLOYMENT_TARGET = 15.5;
				MARKETING_VERSION = 1.0;
				PRODUCT_BUNDLE_IDENTIFIER = com.ertugrulberber.HaritalarUygulamasiTests;
				PRODUCT_NAME = "$(TARGET_NAME)";
				SWIFT_EMIT_LOC_STRINGS = NO;
				SWIFT_VERSION = 5.0;
				TARGETED_DEVICE_FAMILY = "1,2";
				TEST_HOST = "$(BUILT_PRODUCTS_DIR)/HaritalarUygulamasi.app/HaritalarUygulamasi";
			};
			name = Release;
		};
		585D1678288302C500473C77 /* Debug */ = {
			isa = XCBuildConfiguration;
			buildSettings = {
				ALWAYS_EMBED_SWIFT_STANDARD_LIBRARIES = YES;
				CODE_SIGN_STYLE = Automatic;
				CURRENT_PROJECT_VERSION = 1;
				GENERATE_INFOPLIST_FILE = YES;
				MARKETING_VERSION = 1.0;
				PRODUCT_BUNDLE_IDENTIFIER = com.ertugrulberber.HaritalarUygulamasiUITests;
				PRODUCT_NAME = "$(TARGET_NAME)";
				SWIFT_EMIT_LOC_STRINGS = NO;
				SWIFT_VERSION = 5.0;
				TARGETED_DEVICE_FAMILY = "1,2";
				TEST_TARGET_NAME = HaritalarUygulamasi;
			};
			name = Debug;
		};
		585D1679288302C500473C77 /* Release */ = {
			isa = XCBuildConfiguration;
			buildSettings = {
				ALWAYS_EMBED_SWIFT_STANDARD_LIBRARIES = YES;
				CODE_SIGN_STYLE = Automatic;
				CURRENT_PROJECT_VERSION = 1;
				GENERATE_INFOPLIST_FILE = YES;
				MARKETING_VERSION = 1.0;
				PRODUCT_BUNDLE_IDENTIFIER = com.ertugrulberber.HaritalarUygulamasiUITests;
				PRODUCT_NAME = "$(TARGET_NAME)";
				SWIFT_EMIT_LOC_STRINGS = NO;
				SWIFT_VERSION = 5.0;
				TARGETED_DEVICE_FAMILY = "1,2";
				TEST_TARGET_NAME = HaritalarUygulamasi;
			};
			name = Release;
		};
/* End XCBuildConfiguration section */

/* Begin XCConfigurationList section */
		585D163F288302C200473C77 /* Build configuration list for PBXProject "HaritalarUygulamasi" */ = {
			isa = XCConfigurationList;
			buildConfigurations = (
				585D166F288302C500473C77 /* Debug */,
				585D1670288302C500473C77 /* Release */,
			);
			defaultConfigurationIsVisible = 0;
			defaultConfigurationName = Release;
		};
		585D1671288302C500473C77 /* Build configuration list for PBXNativeTarget "HaritalarUygulamasi" */ = {
			isa = XCConfigurationList;
			buildConfigurations = (
				585D1672288302C500473C77 /* Debug */,
				585D1673288302C500473C77 /* Release */,
			);
			defaultConfigurationIsVisible = 0;
			defaultConfigurationName = Release;
		};
		585D1674288302C500473C77 /* Build configuration list for PBXNativeTarget "HaritalarUygulamasiTests" */ = {
			isa = XCConfigurationList;
			buildConfigurations = (
				585D1675288302C500473C77 /* Debug */,
				585D1676288302C500473C77 /* Release */,
			);
			defaultConfigurationIsVisible = 0;
			defaultConfigurationName = Release;
		};
		585D1677288302C500473C77 /* Build configuration list for PBXNativeTarget "HaritalarUygulamasiUITests" */ = {
			isa = XCConfigurationList;
			buildConfigurations = (
				585D1678288302C500473C77 /* Debug */,
				585D1679288302C500473C77 /* Release */,
			);
			defaultConfigurationIsVisible = 0;
			defaultConfigurationName = Release;
		};
/* End XCConfigurationList section */

/* Begin XCVersionGroup section */
		585D1650288302C200473C77 /* HaritalarUygulamasi.xcdatamodeld */ = {
			isa = XCVersionGroup;
			children = (
				585D1651288302C200473C77 /* HaritalarUygulamasi.xcdatamodel */,
			);
			currentVersion = 585D1651288302C200473C77 /* HaritalarUygulamasi.xcdatamodel */;
			path = HaritalarUygulamasi.xcdatamodeld;
			sourceTree = "<group>";
			versionGroupType = wrapper.xcdatamodel;
		};
/* End XCVersionGroup section */
	};
	rootObject = 585D163C288302C200473C77 /* Project object */;
}
